
Microsoft Visual Studio Solution File, Format Version 12.00
# Visual Studio Version 16
VisualStudioVersion = 16.0.30907.101
MinimumVisualStudioVersion = 10.0.40219.1
Project("{A07B5EB6-E848-4116-A8D0-A826331D98C6}") = "Auth0Test", "Auth0Test\Auth0Test.sfproj", "{95868823-A61C-470E-96B1-32EE63405362}"
EndProject
Project("{FAE04EC0-301F-11D3-BF4B-00C04F79EFBC}") = "Web1", "Web1\Web1.csproj", "{953948A9-5AC2-4C4B-BEFB-D7AE6F72856E}"
EndProject
Global
	GlobalSection(SolutionConfigurationPlatforms) = preSolution
		Debug|Any CPU = Debug|Any CPU
		Debug|x64 = Debug|x64
		Release|Any CPU = Release|Any CPU
		Release|x64 = Release|x64
	EndGlobalSection
	GlobalSection(ProjectConfigurationPlatforms) = postSolution
		{95868823-A61C-470E-96B1-32EE63405362}.Debug|Any CPU.ActiveCfg = Debug|x64
		{95868823-A61C-470E-96B1-32EE63405362}.Debug|x64.ActiveCfg = Debug|x64
		{95868823-A61C-470E-96B1-32EE63405362}.Debug|x64.Build.0 = Debug|x64
		{95868823-A61C-470E-96B1-32EE63405362}.Debug|x64.Deploy.0 = Debug|x64
		{95868823-A61C-470E-96B1-32EE63405362}.Release|Any CPU.ActiveCfg = Release|x64
		{95868823-A61C-470E-96B1-32EE63405362}.Release|x64.ActiveCfg = Release|x64
		{95868823-A61C-470E-96B1-32EE63405362}.Release|x64.Build.0 = Release|x64
		{95868823-A61C-470E-96B1-32EE63405362}.Release|x64.Deploy.0 = Release|x64
		{953948A9-5AC2-4C4B-BEFB-D7AE6F72856E}.Debug|Any CPU.ActiveCfg = Debug|Any CPU
		{953948A9-5AC2-4C4B-BEFB-D7AE6F72856E}.Debug|Any CPU.Build.0 = Debug|Any CPU
		{953948A9-5AC2-4C4B-BEFB-D7AE6F72856E}.Debug|x64.ActiveCfg = Debug|Any CPU
		{953948A9-5AC2-4C4B-BEFB-D7AE6F72856E}.Debug|x64.Build.0 = Debug|Any CPU
		{953948A9-5AC2-4C4B-BEFB-D7AE6F72856E}.Release|Any CPU.ActiveCfg = Release|Any CPU
		{953948A9-5AC2-4C4B-BEFB-D7AE6F72856E}.Release|Any CPU.Build.0 = Release|Any CPU
		{953948A9-5AC2-4C4B-BEFB-D7AE6F72856E}.Release|x64.ActiveCfg = Release|Any CPU
		{953948A9-5AC2-4C4B-BEFB-D7AE6F72856E}.Release|x64.Build.0 = Release|Any CPU
	EndGlobalSection
	GlobalSection(SolutionProperties) = preSolution
		HideSolutionNode = FALSE
	EndGlobalSection
	GlobalSection(ExtensibilityGlobals) = postSolution
		SolutionGuid = {B7BD1764-807D-417D-9ED4-A1C76C57FAD4}
	EndGlobalSection
EndGlobal
